// !$*UTF8*$!
{
	archiveVersion = 1;
	classes = {
	};
	objectVersion = 56;
	objects = {

/* Begin PBXBuildFile section */
		FD5740462B9B71DC0040A67E /* CodeGenApp.swift in Sources */ = {isa = PBXBuildFile; fileRef = FD5740452B9B71DC0040A67E /* CodeGenApp.swift */; };
		FD5740482B9B71DC0040A67E /* ContentView.swift in Sources */ = {isa = PBXBuildFile; fileRef = FD5740472B9B71DC0040A67E /* ContentView.swift */; };
		FD57404A2B9B71DC0040A67E /* Item.swift in Sources */ = {isa = PBXBuildFile; fileRef = FD5740492B9B71DC0040A67E /* Item.swift */; };
		FD57404C2B9B71DD0040A67E /* Assets.xcassets in Resources */ = {isa = PBXBuildFile; fileRef = FD57404B2B9B71DD0040A67E /* Assets.xcassets */; };
		FD57404F2B9B71DD0040A67E /* Preview Assets.xcassets in Resources */ = {isa = PBXBuildFile; fileRef = FD57404E2B9B71DD0040A67E /* Preview Assets.xcassets */; };
		FD5740592B9B71DD0040A67E /* CodeGenTests.swift in Sources */ = {isa = PBXBuildFile; fileRef = FD5740582B9B71DD0040A67E /* CodeGenTests.swift */; };
		FD5740632B9B71DD0040A67E /* CodeGenUITests.swift in Sources */ = {isa = PBXBuildFile; fileRef = FD5740622B9B71DD0040A67E /* CodeGenUITests.swift */; };
		FD5740652B9B71DD0040A67E /* CodeGenUITestsLaunchTests.swift in Sources */ = {isa = PBXBuildFile; fileRef = FD5740642B9B71DD0040A67E /* CodeGenUITestsLaunchTests.swift */; };
/* End PBXBuildFile section */

/* Begin PBXContainerItemProxy section */
		FD5740552B9B71DD0040A67E /* PBXContainerItemProxy */ = {
			isa = PBXContainerItemProxy;
			containerPortal = FD57403A2B9B71DC0040A67E /* Project object */;
			proxyType = 1;
			remoteGlobalIDString = FD5740412B9B71DC0040A67E;
			remoteInfo = CodeGen;
		};
		FD57405F2B9B71DD0040A67E /* PBXContainerItemProxy */ = {
			isa = PBXContainerItemProxy;
			containerPortal = FD57403A2B9B71DC0040A67E /* Project object */;
			proxyType = 1;
			remoteGlobalIDString = FD5740412B9B71DC0040A67E;
			remoteInfo = CodeGen;
		};
/* End PBXContainerItemProxy section */

/* Begin PBXFileReference section */
		FD5740422B9B71DC0040A67E /* CodeGen.app */ = {isa = PBXFileReference; explicitFileType = wrapper.application; includeInIndex = 0; path = CodeGen.app; sourceTree = BUILT_PRODUCTS_DIR; };
		FD5740452B9B71DC0040A67E /* CodeGenApp.swift */ = {isa = PBXFileReference; lastKnownFileType = sourcecode.swift; path = CodeGenApp.swift; sourceTree = "<group>"; };
		FD5740472B9B71DC0040A67E /* ContentView.swift */ = {isa = PBXFileReference; lastKnownFileType = sourcecode.swift; path = ContentView.swift; sourceTree = "<group>"; };
		FD5740492B9B71DC0040A67E /* Item.swift */ = {isa = PBXFileReference; lastKnownFileType = sourcecode.swift; path = Item.swift; sourceTree = "<group>"; };
		FD57404B2B9B71DD0040A67E /* Assets.xcassets */ = {isa = PBXFileReference; lastKnownFileType = folder.assetcatalog; path = Assets.xcassets; sourceTree = "<group>"; };
		FD57404E2B9B71DD0040A67E /* Preview Assets.xcassets */ = {isa = PBXFileReference; lastKnownFileType = folder.assetcatalog; path = "Preview Assets.xcassets"; sourceTree = "<group>"; };
		FD5740542B9B71DD0040A67E /* CodeGenTests.xctest */ = {isa = PBXFileReference; explicitFileType = wrapper.cfbundle; includeInIndex = 0; path = CodeGenTests.xctest; sourceTree = BUILT_PRODUCTS_DIR; };
		FD5740582B9B71DD0040A67E /* CodeGenTests.swift */ = {isa = PBXFileReference; lastKnownFileType = sourcecode.swift; path = CodeGenTests.swift; sourceTree = "<group>"; };
		FD57405E2B9B71DD0040A67E /* CodeGenUITests.xctest */ = {isa = PBXFileReference; explicitFileType = wrapper.cfbundle; includeInIndex = 0; path = CodeGenUITests.xctest; sourceTree = BUILT_PRODUCTS_DIR; };
		FD5740622B9B71DD0040A67E /* CodeGenUITests.swift */ = {isa = PBXFileReference; lastKnownFileType = sourcecode.swift; path = CodeGenUITests.swift; sourceTree = "<group>"; };
		FD5740642B9B71DD0040A67E /* CodeGenUITestsLaunchTests.swift */ = {isa = PBXFileReference; lastKnownFileType = sourcecode.swift; path = CodeGenUITestsLaunchTests.swift; sourceTree = "<group>"; };
/* End PBXFileReference section */

/* Begin PBXFrameworksBuildPhase section */
		FD57403F2B9B71DC0040A67E /* Frameworks */ = {
			isa = PBXFrameworksBuildPhase;
			buildActionMask = 2147483647;
			files = (
			);
			runOnlyForDeploymentPostprocessing = 0;
		};
		FD5740512B9B71DD0040A67E /* Frameworks */ = {
			isa = PBXFrameworksBuildPhase;
			buildActionMask = 2147483647;
			files = (
			);
			runOnlyForDeploymentPostprocessing = 0;
		};
		FD57405B2B9B71DD0040A67E /* Frameworks */ = {
			isa = PBXFrameworksBuildPhase;
			buildActionMask = 2147483647;
			files = (
			);
			runOnlyForDeploymentPostprocessing = 0;
		};
/* End PBXFrameworksBuildPhase section */

/* Begin PBXGroup section */
		FD5740392B9B71DC0040A67E = {
			isa = PBXGroup;
			children = (
				FD5740442B9B71DC0040A67E /* CodeGen */,
				FD5740572B9B71DD0040A67E /* CodeGenTests */,
				FD5740612B9B71DD0040A67E /* CodeGenUITests */,
				FD5740432B9B71DC0040A67E /* Products */,
			);
			sourceTree = "<group>";
		};
		FD5740432B9B71DC0040A67E /* Products */ = {
			isa = PBXGroup;
			children = (
				FD5740422B9B71DC0040A67E /* CodeGen.app */,
				FD5740542B9B71DD0040A67E /* CodeGenTests.xctest */,
				FD57405E2B9B71DD0040A67E /* CodeGenUITests.xctest */,
			);
			name = Products;
			sourceTree = "<group>";
		};
		FD5740442B9B71DC0040A67E /* CodeGen */ = {
			isa = PBXGroup;
			children = (
				FD5740452B9B71DC0040A67E /* CodeGenApp.swift */,
				FD5740472B9B71DC0040A67E /* ContentView.swift */,
				FD5740492B9B71DC0040A67E /* Item.swift */,
				FD57404B2B9B71DD0040A67E /* Assets.xcassets */,
				FD57404D2B9B71DD0040A67E /* Preview Content */,
			);
			path = CodeGen;
			sourceTree = "<group>";
		};
		FD57404D2B9B71DD0040A67E /* Preview Content */ = {
			isa = PBXGroup;
			children = (
				FD57404E2B9B71DD0040A67E /* Preview Assets.xcassets */,
			);
			path = "Preview Content";
			sourceTree = "<group>";
		};
		FD5740572B9B71DD0040A67E /* CodeGenTests */ = {
			isa = PBXGroup;
			children = (
				FD5740582B9B71DD0040A67E /* CodeGenTests.swift */,
			);
			path = CodeGenTests;
			sourceTree = "<group>";
		};
		FD5740612B9B71DD0040A67E /* CodeGenUITests */ = {
			isa = PBXGroup;
			children = (
				FD5740622B9B71DD0040A67E /* CodeGenUITests.swift */,
				FD5740642B9B71DD0040A67E /* CodeGenUITestsLaunchTests.swift */,
			);
			path = CodeGenUITests;
			sourceTree = "<group>";
		};
/* End PBXGroup section */

/* Begin PBXNativeTarget section */
		FD5740412B9B71DC0040A67E /* CodeGen */ = {
			isa = PBXNativeTarget;
			buildConfigurationList = FD5740682B9B71DD0040A67E /* Build configuration list for PBXNativeTarget "CodeGen" */;
			buildPhases = (
				FD57403E2B9B71DC0040A67E /* Sources */,
				FD57403F2B9B71DC0040A67E /* Frameworks */,
				FD5740402B9B71DC0040A67E /* Resources */,
			);
			buildRules = (
			);
			dependencies = (
			);
			name = CodeGen;
			productName = CodeGen;
			productReference = FD5740422B9B71DC0040A67E /* CodeGen.app */;
			productType = "com.apple.product-type.application";
		};
		FD5740532B9B71DD0040A67E /* CodeGenTests */ = {
			isa = PBXNativeTarget;
			buildConfigurationList = FD57406B2B9B71DD0040A67E /* Build configuration list for PBXNativeTarget "CodeGenTests" */;
			buildPhases = (
				FD5740502B9B71DD0040A67E /* Sources */,
				FD5740512B9B71DD0040A67E /* Frameworks */,
				FD5740522B9B71DD0040A67E /* Resources */,
			);
			buildRules = (
			);
			dependencies = (
				FD5740562B9B71DD0040A67E /* PBXTargetDependency */,
			);
			name = CodeGenTests;
			productName = CodeGenTests;
			productReference = FD5740542B9B71DD0040A67E /* CodeGenTests.xctest */;
			productType = "com.apple.product-type.bundle.unit-test";
		};
		FD57405D2B9B71DD0040A67E /* CodeGenUITests */ = {
			isa = PBXNativeTarget;
			buildConfigurationList = FD57406E2B9B71DD0040A67E /* Build configuration list for PBXNativeTarget "CodeGenUITests" */;
			buildPhases = (
				FD57405A2B9B71DD0040A67E /* Sources */,
				FD57405B2B9B71DD0040A67E /* Frameworks */,
				FD57405C2B9B71DD0040A67E /* Resources */,
			);
			buildRules = (
			);
			dependencies = (
				FD5740602B9B71DD0040A67E /* PBXTargetDependency */,
			);
			name = CodeGenUITests;
			productName = CodeGenUITests;
			productReference = FD57405E2B9B71DD0040A67E /* CodeGenUITests.xctest */;
			productType = "com.apple.product-type.bundle.ui-testing";
		};
/* End PBXNativeTarget section */

/* Begin PBXProject section */
		FD57403A2B9B71DC0040A67E /* Project object */ = {
			isa = PBXProject;
			attributes = {
				BuildIndependentTargetsInParallel = 1;
				LastSwiftUpdateCheck = 1530;
				LastUpgradeCheck = 1530;
				TargetAttributes = {
					FD5740412B9B71DC0040A67E = {
						CreatedOnToolsVersion = 15.3;
					};
					FD5740532B9B71DD0040A67E = {
						CreatedOnToolsVersion = 15.3;
						TestTargetID = FD5740412B9B71DC0040A67E;
					};
					FD57405D2B9B71DD0040A67E = {
						CreatedOnToolsVersion = 15.3;
						TestTargetID = FD5740412B9B71DC0040A67E;
					};
				};
			};
			buildConfigurationList = FD57403D2B9B71DC0040A67E /* Build configuration list for PBXProject "CodeGen" */;
			compatibilityVersion = "Xcode 14.0";
			developmentRegion = en;
			hasScannedForEncodings = 0;
			knownRegions = (
				en,
				Base,
			);
			mainGroup = FD5740392B9B71DC0040A67E;
			productRefGroup = FD5740432B9B71DC0040A67E /* Products */;
			projectDirPath = "";
			projectRoot = "";
			targets = (
				FD5740412B9B71DC0040A67E /* CodeGen */,
				FD5740532B9B71DD0040A67E /* CodeGenTests */,
				FD57405D2B9B71DD0040A67E /* CodeGenUITests */,
			);
		};
/* End PBXProject section */

/* Begin PBXResourcesBuildPhase section */
		FD5740402B9B71DC0040A67E /* Resources */ = {
			isa = PBXResourcesBuildPhase;
			buildActionMask = 2147483647;
			files = (
				FD57404F2B9B71DD0040A67E /* Preview Assets.xcassets in Resources */,
				FD57404C2B9B71DD0040A67E /* Assets.xcassets in Resources */,
			);
			runOnlyForDeploymentPostprocessing = 0;
		};
		FD5740522B9B71DD0040A67E /* Resources */ = {
			isa = PBXResourcesBuildPhase;
			buildActionMask = 2147483647;
			files = (
			);
			runOnlyForDeploymentPostprocessing = 0;
		};
		FD57405C2B9B71DD0040A67E /* Resources */ = {
			isa = PBXResourcesBuildPhase;
			buildActionMask = 2147483647;
			files = (
			);
			runOnlyForDeploymentPostprocessing = 0;
		};
/* End PBXResourcesBuildPhase section */

/* Begin PBXSourcesBuildPhase section */
		FD57403E2B9B71DC0040A67E /* Sources */ = {
			isa = PBXSourcesBuildPhase;
			buildActionMask = 2147483647;
			files = (
				FD5740482B9B71DC0040A67E /* ContentView.swift in Sources */,
				FD57404A2B9B71DC0040A67E /* Item.swift in Sources */,
				FD5740462B9B71DC0040A67E /* CodeGenApp.swift in Sources */,
			);
			runOnlyForDeploymentPostprocessing = 0;
		};
		FD5740502B9B71DD0040A67E /* Sources */ = {
			isa = PBXSourcesBuildPhase;
			buildActionMask = 2147483647;
			files = (
				FD5740592B9B71DD0040A67E /* CodeGenTests.swift in Sources */,
			);
			runOnlyForDeploymentPostprocessing = 0;
		};
		FD57405A2B9B71DD0040A67E /* Sources */ = {
			isa = PBXSourcesBuildPhase;
			buildActionMask = 2147483647;
			files = (
				FD5740652B9B71DD0040A67E /* CodeGenUITestsLaunchTests.swift in Sources */,
				FD5740632B9B71DD0040A67E /* CodeGenUITests.swift in Sources */,
			);
			runOnlyForDeploymentPostprocessing = 0;
		};
/* End PBXSourcesBuildPhase section */

/* Begin PBXTargetDependency section */
		FD5740562B9B71DD0040A67E /* PBXTargetDependency */ = {
			isa = PBXTargetDependency;
			target = FD5740412B9B71DC0040A67E /* CodeGen */;
			targetProxy = FD5740552B9B71DD0040A67E /* PBXContainerItemProxy */;
		};
		FD5740602B9B71DD0040A67E /* PBXTargetDependency */ = {
			isa = PBXTargetDependency;
			target = FD5740412B9B71DC0040A67E /* CodeGen */;
			targetProxy = FD57405F2B9B71DD0040A67E /* PBXContainerItemProxy */;
		};
/* End PBXTargetDependency section */

/* Begin XCBuildConfiguration section */
		FD5740662B9B71DD0040A67E /* Debug */ = {
			isa = XCBuildConfiguration;
			buildSettings = {
				ALWAYS_SEARCH_USER_PATHS = NO;
				ASSETCATALOG_COMPILER_GENERATE_SWIFT_ASSET_SYMBOL_EXTENSIONS = YES;
				CLANG_ANALYZER_NONNULL = YES;
				CLANG_ANALYZER_NUMBER_OBJECT_CONVERSION = YES_AGGRESSIVE;
				CLANG_CXX_LANGUAGE_STANDARD = "gnu++20";
				CLANG_ENABLE_MODULES = YES;
				CLANG_ENABLE_OBJC_ARC = YES;
				CLANG_ENABLE_OBJC_WEAK = YES;
				CLANG_WARN_BLOCK_CAPTURE_AUTORELEASING = YES;
				CLANG_WARN_BOOL_CONVERSION = YES;
				CLANG_WARN_COMMA = YES;
				CLANG_WARN_CONSTANT_CONVERSION = YES;
				CLANG_WARN_DEPRECATED_OBJC_IMPLEMENTATIONS = YES;
				CLANG_WARN_DIRECT_OBJC_ISA_USAGE = YES_ERROR;
				CLANG_WARN_DOCUMENTATION_COMMENTS = YES;
				CLANG_WARN_EMPTY_BODY = YES;
				CLANG_WARN_ENUM_CONVERSION = YES;
				CLANG_WARN_INFINITE_RECURSION = YES;
				CLANG_WARN_INT_CONVERSION = YES;
				CLANG_WARN_NON_LITERAL_NULL_CONVERSION = YES;
				CLANG_WARN_OBJC_IMPLICIT_RETAIN_SELF = YES;
				CLANG_WARN_OBJC_LITERAL_CONVERSION = YES;
				CLANG_WARN_OBJC_ROOT_CLASS = YES_ERROR;
				CLANG_WARN_QUOTED_INCLUDE_IN_FRAMEWORK_HEADER = YES;
				CLANG_WARN_RANGE_LOOP_ANALYSIS = YES;
				CLANG_WARN_STRICT_PROTOTYPES = YES;
				CLANG_WARN_SUSPICIOUS_MOVE = YES;
				CLANG_WARN_UNGUARDED_AVAILABILITY = YES_AGGRESSIVE;
				CLANG_WARN_UNREACHABLE_CODE = YES;
				CLANG_WARN__DUPLICATE_METHOD_MATCH = YES;
				COPY_PHASE_STRIP = NO;
				DEBUG_INFORMATION_FORMAT = dwarf;
				ENABLE_STRICT_OBJC_MSGSEND = YES;
				ENABLE_TESTABILITY = YES;
				ENABLE_USER_SCRIPT_SANDBOXING = YES;
				GCC_C_LANGUAGE_STANDARD = gnu17;
				GCC_DYNAMIC_NO_PIC = NO;
				GCC_NO_COMMON_BLOCKS = YES;
				GCC_OPTIMIZATION_LEVEL = 0;
				GCC_PREPROCESSOR_DEFINITIONS = (
					"DEBUG=1",
					"$(inherited)",
				);
				GCC_WARN_64_TO_32_BIT_CONVERSION = YES;
				GCC_WARN_ABOUT_RETURN_TYPE = YES_ERROR;
				GCC_WARN_UNDECLARED_SELECTOR = YES;
				GCC_WARN_UNINITIALIZED_AUTOS = YES_AGGRESSIVE;
				GCC_WARN_UNUSED_FUNCTION = YES;
				GCC_WARN_UNUSED_VARIABLE = YES;
				IPHONEOS_DEPLOYMENT_TARGET = 17.0;
				LOCALIZATION_PREFERS_STRING_CATALOGS = YES;
				MTL_ENABLE_DEBUG_INFO = INCLUDE_SOURCE;
				MTL_FAST_MATH = YES;
				ONLY_ACTIVE_ARCH = YES;
				SDKROOT = iphoneos;
				SWIFT_ACTIVE_COMPILATION_CONDITIONS = "DEBUG $(inherited)";
				SWIFT_OPTIMIZATION_LEVEL = "-Onone";
			};
			name = Debug;
		};
		FD5740672B9B71DD0040A67E /* Release */ = {
			isa = XCBuildConfiguration;
			buildSettings = {
				ALWAYS_SEARCH_USER_PATHS = NO;
				ASSETCATALOG_COMPILER_GENERATE_SWIFT_ASSET_SYMBOL_EXTENSIONS = YES;
				CLANG_ANALYZER_NONNULL = YES;
				CLANG_ANALYZER_NUMBER_OBJECT_CONVERSION = YES_AGGRESSIVE;
				CLANG_CXX_LANGUAGE_STANDARD = "gnu++20";
				CLANG_ENABLE_MODULES = YES;
				CLANG_ENABLE_OBJC_ARC = YES;
				CLANG_ENABLE_OBJC_WEAK = YES;
				CLANG_WARN_BLOCK_CAPTURE_AUTORELEASING = YES;
				CLANG_WARN_BOOL_CONVERSION = YES;
				CLANG_WARN_COMMA = YES;
				CLANG_WARN_CONSTANT_CONVERSION = YES;
				CLANG_WARN_DEPRECATED_OBJC_IMPLEMENTATIONS = YES;
				CLANG_WARN_DIRECT_OBJC_ISA_USAGE = YES_ERROR;
				CLANG_WARN_DOCUMENTATION_COMMENTS = YES;
				CLANG_WARN_EMPTY_BODY = YES;
				CLANG_WARN_ENUM_CONVERSION = YES;
				CLANG_WARN_INFINITE_RECURSION = YES;
				CLANG_WARN_INT_CONVERSION = YES;
				CLANG_WARN_NON_LITERAL_NULL_CONVERSION = YES;
				CLANG_WARN_OBJC_IMPLICIT_RETAIN_SELF = YES;
				CLANG_WARN_OBJC_LITERAL_CONVERSION = YES;
				CLANG_WARN_OBJC_ROOT_CLASS = YES_ERROR;
				CLANG_WARN_QUOTED_INCLUDE_IN_FRAMEWORK_HEADER = YES;
				CLANG_WARN_RANGE_LOOP_ANALYSIS = YES;
				CLANG_WARN_STRICT_PROTOTYPES = YES;
				CLANG_WARN_SUSPICIOUS_MOVE = YES;
				CLANG_WARN_UNGUARDED_AVAILABILITY = YES_AGGRESSIVE;
				CLANG_WARN_UNREACHABLE_CODE = YES;
				CLANG_WARN__DUPLICATE_METHOD_MATCH = YES;
				COPY_PHASE_STRIP = NO;
				DEBUG_INFORMATION_FORMAT = "dwarf-with-dsym";
				ENABLE_NS_ASSERTIONS = NO;
				ENABLE_STRICT_OBJC_MSGSEND = YES;
				ENABLE_USER_SCRIPT_SANDBOXING = YES;
				GCC_C_LANGUAGE_STANDARD = gnu17;
				GCC_NO_COMMON_BLOCKS = YES;
				GCC_WARN_64_TO_32_BIT_CONVERSION = YES;
				GCC_WARN_ABOUT_RETURN_TYPE = YES_ERROR;
				GCC_WARN_UNDECLARED_SELECTOR = YES;
				GCC_WARN_UNINITIALIZED_AUTOS = YES_AGGRESSIVE;
				GCC_WARN_UNUSED_FUNCTION = YES;
				GCC_WARN_UNUSED_VARIABLE = YES;
				IPHONEOS_DEPLOYMENT_TARGET = 17.0;
				LOCALIZATION_PREFERS_STRING_CATALOGS = YES;
				MTL_ENABLE_DEBUG_INFO = NO;
				MTL_FAST_MATH = YES;
				SDKROOT = iphoneos;
				SWIFT_COMPILATION_MODE = wholemodule;
				VALIDATE_PRODUCT = YES;
			};
			name = Release;
		};
		FD5740692B9B71DD0040A67E /* Debug */ = {
			isa = XCBuildConfiguration;
			buildSettings = {
				ASSETCATALOG_COMPILER_APPICON_NAME = AppIcon;
				ASSETCATALOG_COMPILER_GLOBAL_ACCENT_COLOR_NAME = AccentColor;
				CODE_SIGN_STYLE = Automatic;
				CURRENT_PROJECT_VERSION = 1;
				DEVELOPMENT_ASSET_PATHS = "\"CodeGen/Preview Content\"";
				DEVELOPMENT_TEAM = TJ8R5XP7FZ;
				ENABLE_PREVIEWS = YES;
				GENERATE_INFOPLIST_FILE = YES;
				INFOPLIST_KEY_CFBundleDisplayName = CodeGen;
				INFOPLIST_KEY_LSApplicationCategoryType = "public.app-category.utilities";
				INFOPLIST_KEY_UIApplicationSceneManifest_Generation = YES;
				INFOPLIST_KEY_UIApplicationSupportsIndirectInputEvents = YES;
				INFOPLIST_KEY_UILaunchScreen_Generation = YES;
				INFOPLIST_KEY_UISupportedInterfaceOrientations = UIInterfaceOrientationPortrait;
				INFOPLIST_KEY_UISupportedInterfaceOrientations_iPad = "UIInterfaceOrientationLandscapeLeft UIInterfaceOrientationLandscapeRight UIInterfaceOrientationPortrait UIInterfaceOrientationPortraitUpsideDown";
				IPHONEOS_DEPLOYMENT_TARGET = 17.0;
				LD_RUNPATH_SEARCH_PATHS = (
					"$(inherited)",
					"@executable_path/Frameworks",
				);
				MARKETING_VERSION = 1.0;
				PRODUCT_BUNDLE_IDENTIFIER = KyleFerrigan.CodeGen;
				PRODUCT_NAME = "$(TARGET_NAME)";
				SUPPORTED_PLATFORMS = "iphoneos iphonesimulator";
				SUPPORTS_MACCATALYST = NO;
				SUPPORTS_MAC_DESIGNED_FOR_IPHONE_IPAD = NO;
				SUPPORTS_XR_DESIGNED_FOR_IPHONE_IPAD = NO;
				SWIFT_EMIT_LOC_STRINGS = YES;
				SWIFT_VERSION = 5.0;
				TARGETED_DEVICE_FAMILY = 1;
			};
			name = Debug;
		};
		FD57406A2B9B71DD0040A67E /* Release */ = {
			isa = XCBuildConfiguration;
			buildSettings = {
				ASSETCATALOG_COMPILER_APPICON_NAME = AppIcon;
				ASSETCATALOG_COMPILER_GLOBAL_ACCENT_COLOR_NAME = AccentColor;
				CODE_SIGN_STYLE = Automatic;
				CURRENT_PROJECT_VERSION = 1;
				DEVELOPMENT_ASSET_PATHS = "\"CodeGen/Preview Content\"";
				DEVELOPMENT_TEAM = TJ8R5XP7FZ;
				ENABLE_PREVIEWS = YES;
				GENERATE_INFOPLIST_FILE = YES;
				INFOPLIST_KEY_CFBundleDisplayName = CodeGen;
				INFOPLIST_KEY_LSApplicationCategoryType = "public.app-category.utilities";
				INFOPLIST_KEY_UIApplicationSceneManifest_Generation = YES;
				INFOPLIST_KEY_UIApplicationSupportsIndirectInputEvents = YES;
				INFOPLIST_KEY_UILaunchScreen_Generation = YES;
				INFOPLIST_KEY_UISupportedInterfaceOrientations = UIInterfaceOrientationPortrait;
				INFOPLIST_KEY_UISupportedInterfaceOrientations_iPad = "UIInterfaceOrientationLandscapeLeft UIInterfaceOrientationLandscapeRight UIInterfaceOrientationPortrait UIInterfaceOrientationPortraitUpsideDown";
				IPHONEOS_DEPLOYMENT_TARGET = 17.0;
				LD_RUNPATH_SEARCH_PATHS = (
					"$(inherited)",
					"@executable_path/Frameworks",
				);
				MARKETING_VERSION = 1.0;
				PRODUCT_BUNDLE_IDENTIFIER = KyleFerrigan.CodeGen;
				PRODUCT_NAME = "$(TARGET_NAME)";
				SUPPORTED_PLATFORMS = "iphoneos iphonesimulator";
				SUPPORTS_MACCATALYST = NO;
				SUPPORTS_MAC_DESIGNED_FOR_IPHONE_IPAD = NO;
				SUPPORTS_XR_DESIGNED_FOR_IPHONE_IPAD = NO;
				SWIFT_EMIT_LOC_STRINGS = YES;
				SWIFT_VERSION = 5.0;
				TARGETED_DEVICE_FAMILY = 1;
			};
			name = Release;
		};
		FD57406C2B9B71DD0040A67E /* Debug */ = {
			isa = XCBuildConfiguration;
			buildSettings = {
				ALWAYS_EMBED_SWIFT_STANDARD_LIBRARIES = YES;
				BUNDLE_LOADER = "$(TEST_HOST)";
				CODE_SIGN_STYLE = Automatic;
				CURRENT_PROJECT_VERSION = 1;
				DEVELOPMENT_TEAM = TJ8R5XP7FZ;
				GENERATE_INFOPLIST_FILE = YES;
				IPHONEOS_DEPLOYMENT_TARGET = 17.4;
				MARKETING_VERSION = 1.0;
				PRODUCT_BUNDLE_IDENTIFIER = KyleFerrigan.CodeGenTests;
				PRODUCT_NAME = "$(TARGET_NAME)";
				SWIFT_EMIT_LOC_STRINGS = NO;
				SWIFT_VERSION = 5.0;
				TARGETED_DEVICE_FAMILY = "1,2";
				TEST_HOST = "$(BUILT_PRODUCTS_DIR)/CodeGen.app/$(BUNDLE_EXECUTABLE_FOLDER_PATH)/CodeGen";
			};
			name = Debug;
		};
		FD57406D2B9B71DD0040A67E /* Release */ = {
			isa = XCBuildConfiguration;
			buildSettings = {
				ALWAYS_EMBED_SWIFT_STANDARD_LIBRARIES = YES;
				BUNDLE_LOADER = "$(TEST_HOST)";
				CODE_SIGN_STYLE = Automatic;
				CURRENT_PROJECT_VERSION = 1;
				DEVELOPMENT_TEAM = TJ8R5XP7FZ;
				GENERATE_INFOPLIST_FILE = YES;
				IPHONEOS_DEPLOYMENT_TARGET = 17.4;
				MARKETING_VERSION = 1.0;
				PRODUCT_BUNDLE_IDENTIFIER = KyleFerrigan.CodeGenTests;
				PRODUCT_NAME = "$(TARGET_NAME)";
				SWIFT_EMIT_LOC_STRINGS = NO;
				SWIFT_VERSION = 5.0;
				TARGETED_DEVICE_FAMILY = "1,2";
				TEST_HOST = "$(BUILT_PRODUCTS_DIR)/CodeGen.app/$(BUNDLE_EXECUTABLE_FOLDER_PATH)/CodeGen";
			};
			name = Release;
		};
		FD57406F2B9B71DD0040A67E /* Debug */ = {
			isa = XCBuildConfiguration;
			buildSettings = {
				ALWAYS_EMBED_SWIFT_STANDARD_LIBRARIES = YES;
				CODE_SIGN_STYLE = Automatic;
				CURRENT_PROJECT_VERSION = 1;
				DEVELOPMENT_TEAM = TJ8R5XP7FZ;
				GENERATE_INFOPLIST_FILE = YES;
				MARKETING_VERSION = 1.0;
				PRODUCT_BUNDLE_IDENTIFIER = KyleFerrigan.CodeGenUITests;
				PRODUCT_NAME = "$(TARGET_NAME)";
				SWIFT_EMIT_LOC_STRINGS = NO;
				SWIFT_VERSION = 5.0;
				TARGETED_DEVICE_FAMILY = "1,2";
				TEST_TARGET_NAME = CodeGen;
			};
			name = Debug;
		};
		FD5740702B9B71DD0040A67E /* Release */ = {
			isa = XCBuildConfiguration;
			buildSettings = {
				ALWAYS_EMBED_SWIFT_STANDARD_LIBRARIES = YES;
				CODE_SIGN_STYLE = Automatic;
				CURRENT_PROJECT_VERSION = 1;
				DEVELOPMENT_TEAM = TJ8R5XP7FZ;
				GENERATE_INFOPLIST_FILE = YES;
				MARKETING_VERSION = 1.0;
				PRODUCT_BUNDLE_IDENTIFIER = KyleFerrigan.CodeGenUITests;
				PRODUCT_NAME = "$(TARGET_NAME)";
				SWIFT_EMIT_LOC_STRINGS = NO;
				SWIFT_VERSION = 5.0;
				TARGETED_DEVICE_FAMILY = "1,2";
				TEST_TARGET_NAME = CodeGen;
			};
			name = Release;
		};
/* End XCBuildConfiguration section */

/* Begin XCConfigurationList section */
		FD57403D2B9B71DC0040A67E /* Build configuration list for PBXProject "CodeGen" */ = {
			isa = XCConfigurationList;
			buildConfigurations = (
				FD5740662B9B71DD0040A67E /* Debug */,
				FD5740672B9B71DD0040A67E /* Release */,
			);
			defaultConfigurationIsVisible = 0;
			defaultConfigurationName = Release;
		};
		FD5740682B9B71DD0040A67E /* Build configuration list for PBXNativeTarget "CodeGen" */ = {
			isa = XCConfigurationList;
			buildConfigurations = (
				FD5740692B9B71DD0040A67E /* Debug */,
				FD57406A2B9B71DD0040A67E /* Release */,
			);
			defaultConfigurationIsVisible = 0;
			defaultConfigurationName = Release;
		};
		FD57406B2B9B71DD0040A67E /* Build configuration list for PBXNativeTarget "CodeGenTests" */ = {
			isa = XCConfigurationList;
			buildConfigurations = (
				FD57406C2B9B71DD0040A67E /* Debug */,
				FD57406D2B9B71DD0040A67E /* Release */,
			);
			defaultConfigurationIsVisible = 0;
			defaultConfigurationName = Release;
		};
		FD57406E2B9B71DD0040A67E /* Build configuration list for PBXNativeTarget "CodeGenUITests" */ = {
			isa = XCConfigurationList;
			buildConfigurations = (
				FD57406F2B9B71DD0040A67E /* Debug */,
				FD5740702B9B71DD0040A67E /* Release */,
			);
			defaultConfigurationIsVisible = 0;
			defaultConfigurationName = Release;
		};
/* End XCConfigurationList section */
	};
	rootObject = FD57403A2B9B71DC0040A67E /* Project object */;
}
